
Microsoft Visual Studio Solution File, Format Version 12.00
# Visual Studio 11
Project("{FAE04EC0-301F-11D3-BF4B-00C04F79EFBC}") = "DevHostingExample.Web", "DevHostingExample.Web\DevHostingExample.Web.csproj", "{CE18472A-556C-48FE-A5CC-5379DB343625}"
EndProject
Project("{FAE04EC0-301F-11D3-BF4B-00C04F79EFBC}") = "DevHostingExample.Tests.Integration", "DevHostingExample.Tests.Integration\DevHostingExample.Tests.Integration.csproj", "{801F6672-E896-4CC5-89AE-75E3C8C4FB2E}"
EndProject
Project("{FAE04EC0-301F-11D3-BF4B-00C04F79EFBC}") = "DevHostingExample.Web.WebForms", "DevHostingExample.Web.WebForms\DevHostingExample.Web.WebForms.csproj", "{411C5955-F374-46E3-995C-31D5EB6119B1}"
EndProject
Global
	GlobalSection(SolutionConfigurationPlatforms) = preSolution
		Debug|Any CPU = Debug|Any CPU
		Debug|Mixed Platforms = Debug|Mixed Platforms
		Debug|x86 = Debug|x86
		Release|Any CPU = Release|Any CPU
		Release|Mixed Platforms = Release|Mixed Platforms
		Release|x86 = Release|x86
	EndGlobalSection
	GlobalSection(ProjectConfigurationPlatforms) = postSolution
		{411C5955-F374-46E3-995C-31D5EB6119B1}.Debug|Any CPU.ActiveCfg = Debug|Any CPU
		{411C5955-F374-46E3-995C-31D5EB6119B1}.Debug|Any CPU.Build.0 = Debug|Any CPU
		{411C5955-F374-46E3-995C-31D5EB6119B1}.Debug|Mixed Platforms.ActiveCfg = Debug|Any CPU
		{411C5955-F374-46E3-995C-31D5EB6119B1}.Debug|Mixed Platforms.Build.0 = Debug|Any CPU
		{411C5955-F374-46E3-995C-31D5EB6119B1}.Debug|x86.ActiveCfg = Debug|Any CPU
		{411C5955-F374-46E3-995C-31D5EB6119B1}.Release|Any CPU.ActiveCfg = Release|Any CPU
		{411C5955-F374-46E3-995C-31D5EB6119B1}.Release|Any CPU.Build.0 = Release|Any CPU
		{411C5955-F374-46E3-995C-31D5EB6119B1}.Release|Mixed Platforms.ActiveCfg = Release|Any CPU
		{411C5955-F374-46E3-995C-31D5EB6119B1}.Release|Mixed Platforms.Build.0 = Release|Any CPU
		{411C5955-F374-46E3-995C-31D5EB6119B1}.Release|x86.ActiveCfg = Release|Any CPU
		{801F6672-E896-4CC5-89AE-75E3C8C4FB2E}.Debug|Any CPU.ActiveCfg = Debug|Any CPU
		{801F6672-E896-4CC5-89AE-75E3C8C4FB2E}.Debug|Any CPU.Build.0 = Debug|Any CPU
		{801F6672-E896-4CC5-89AE-75E3C8C4FB2E}.Debug|Mixed Platforms.ActiveCfg = Debug|x86
		{801F6672-E896-4CC5-89AE-75E3C8C4FB2E}.Debug|Mixed Platforms.Build.0 = Debug|x86
		{801F6672-E896-4CC5-89AE-75E3C8C4FB2E}.Debug|x86.ActiveCfg = Debug|x86
		{801F6672-E896-4CC5-89AE-75E3C8C4FB2E}.Debug|x86.Build.0 = Debug|x86
		{801F6672-E896-4CC5-89AE-75E3C8C4FB2E}.Release|Any CPU.ActiveCfg = Release|Any CPU
		{801F6672-E896-4CC5-89AE-75E3C8C4FB2E}.Release|Any CPU.Build.0 = Release|Any CPU
		{801F6672-E896-4CC5-89AE-75E3C8C4FB2E}.Release|Mixed Platforms.ActiveCfg = Release|x86
		{801F6672-E896-4CC5-89AE-75E3C8C4FB2E}.Release|Mixed Platforms.Build.0 = Release|x86
		{801F6672-E896-4CC5-89AE-75E3C8C4FB2E}.Release|x86.ActiveCfg = Release|x86
		{801F6672-E896-4CC5-89AE-75E3C8C4FB2E}.Release|x86.Build.0 = Release|x86
		{CE18472A-556C-48FE-A5CC-5379DB343625}.Debug|Any CPU.ActiveCfg = Debug|Any CPU
		{CE18472A-556C-48FE-A5CC-5379DB343625}.Debug|Any CPU.Build.0 = Debug|Any CPU
		{CE18472A-556C-48FE-A5CC-5379DB343625}.Debug|Mixed Platforms.ActiveCfg = Debug|x86
		{CE18472A-556C-48FE-A5CC-5379DB343625}.Debug|x86.ActiveCfg = Debug|x86
		{CE18472A-556C-48FE-A5CC-5379DB343625}.Debug|x86.Build.0 = Debug|x86
		{CE18472A-556C-48FE-A5CC-5379DB343625}.Release|Any CPU.ActiveCfg = Release|Any CPU
		{CE18472A-556C-48FE-A5CC-5379DB343625}.Release|Any CPU.Build.0 = Release|Any CPU
		{CE18472A-556C-48FE-A5CC-5379DB343625}.Release|Mixed Platforms.ActiveCfg = Release|x86
		{CE18472A-556C-48FE-A5CC-5379DB343625}.Release|x86.ActiveCfg = Release|x86
		{CE18472A-556C-48FE-A5CC-5379DB343625}.Release|x86.Build.0 = Release|x86
	EndGlobalSection
	GlobalSection(SolutionProperties) = preSolution
		HideSolutionNode = FALSE
	EndGlobalSection
EndGlobal
